
Microsoft Visual Studio Solution File, Format Version 12.00
# Visual Studio 15
VisualStudioVersion = 15.0.27703.2035
MinimumVisualStudioVersion = 10.0.40219.1
Project("{FAE04EC0-301F-11D3-BF4B-00C04F79EFBC}") = "WinLock", "WinLock\WinLock.csproj", "{47308B1B-0CB0-434C-B651-E7D62B2A43E2}"
EndProject
Global
	GlobalSection(SolutionConfigurationPlatforms) = preSolution
		Debug|Any CPU = Debug|Any CPU
		Release|Any CPU = Release|Any CPU
	EndGlobalSection
	GlobalSection(ProjectConfigurationPlatforms) = postSolution
		{47308B1B-0CB0-434C-B651-E7D62B2A43E2}.Debug|Any CPU.ActiveCfg = Debug|Any CPU
		{47308B1B-0CB0-434C-B651-E7D62B2A43E2}.Debug|Any CPU.Build.0 = Debug|Any CPU
		{47308B1B-0CB0-434C-B651-E7D62B2A43E2}.Release|Any CPU.ActiveCfg = Release|Any CPU
		{47308B1B-0CB0-434C-B651-E7D62B2A43E2}.Release|Any CPU.Build.0 = Release|Any CPU
	EndGlobalSection
	GlobalSection(SolutionProperties) = preSolution
		HideSolutionNode = FALSE
	EndGlobalSection
	GlobalSection(ExtensibilityGlobals) = postSolution
		SolutionGuid = {52F932AF-EC62-4149-B2FB-7EE218D290FD}
	EndGlobalSection
EndGlobal
